{
  "name": "giselle",
  "version": "3.1.0",
  "lockfileVersion": 3,
  "requires": true,
  "packages": {
    "": {
      "name": "giselle",
      "version": "3.1.0",
      "license": "MIT",
      "dependencies": {
        "@yaronkoresh/math": "^3.5.3",
        "buffer": "^6.0.3",
        "scrypt-padding": "^1.0.0"
      }
    },
    "node_modules/@yaronkoresh/math": {
      "version": "3.5.3",
      "resolved": "https://registry.npmjs.org/@yaronkoresh/math/-/math-3.5.3.tgz",
      "integrity": "sha512-91GbICMXVv8fGV8a3FK2UPxSy9DAlMr7ccsSGuviOxgCvXN27XOkWBdIDSNiDSFyDkkGq5kZou73+GDIGL7FFg=="
    },
    "node_modules/base64-js": {
      "version": "1.5.1",
      "resolved": "https://registry.npmjs.org/base64-js/-/base64-js-1.5.1.tgz",
      "integrity": "sha512-AKpaYlHn8t4SVbOHCy+b5+KKgvR4vrsD8vbvrbiQJps7fKDTkjkDry6ji0rUJjC0kzbNePLwzxq8iypo41qeWA==",
      "funding": [
        {
          "type": "github",
          "url": "https://github.com/sponsors/feross"
        },
        {
          "type": "patreon",
          "url": "https://www.patreon.com/feross"
        },
        {
          "type": "consulting",
          "url": "https://feross.org/support"
        }
      ]
    },
    "node_modules/buffer": {
      "version": "6.0.3",
      "resolved": "https://registry.npmjs.org/buffer/-/buffer-6.0.3.tgz",
      "integrity": "sha512-FTiCpNxtwiZZHEZbcbTIcZjERVICn9yq/pDFkTl95/AxzD1naBctN7YO68riM/gLSDY7sdrMby8hofADYuuqOA==",
      "funding": [
        {
          "type": "github",
          "url": "https://github.com/sponsors/feross"
        },
        {
          "type": "patreon",
          "url": "https://www.patreon.com/feross"
        },
        {
          "type": "consulting",
          "url": "https://feross.org/support"
        }
      ],
      "dependencies": {
        "base64-js": "^1.3.1",
        "ieee754": "^1.2.1"
      }
    },
    "node_modules/ieee754": {
      "version": "1.2.1",
      "resolved": "https://registry.npmjs.org/ieee754/-/ieee754-1.2.1.tgz",
      "integrity": "sha512-dcyqhDvX1C46lXZcVqCpK+FtMRQVdIMN6/Df5js2zouUsqG7I6sFxitIC+7KYK29KdXOLHdu9zL4sFnoVQnqaA==",
      "funding": [
        {
          "type": "github",
          "url": "https://github.com/sponsors/feross"
        },
        {
          "type": "patreon",
          "url": "https://www.patreon.com/feross"
        },
        {
          "type": "consulting",
          "url": "https://feross.org/support"
        }
      ]
    },
    "node_modules/scrypt-padding": {
      "version": "1.0.0",
      "resolved": "https://registry.npmjs.org/scrypt-padding/-/scrypt-padding-1.0.0.tgz",
      "integrity": "sha512-9p9t08wdvV2STXeLQrTLFPuaQFHsV9z+hC+Pdq7MKsNi41bSBzpp88F+DhUWMbsXBeLMRbBJthB1QrL1fX8G6A==",
      "dependencies": {
        "buffer": "^6.0.3"
      }
    }
  }
}
