{
  "name": "giselle",
  "version": "1.0.0",
  "lockfileVersion": 3,
  "requires": true,
  "packages": {
    "": {
      "name": "giselle",
      "version": "1.0.0",
      "license": "MIT",
      "dependencies": {
        "@yaronkoresh/bases": "^3.0.0"
      }
    },
    "node_modules/@yaronkoresh/bases": {
      "version": "3.0.0",
      "resolved": "https://registry.npmjs.org/@yaronkoresh/bases/-/bases-3.0.0.tgz",
      "integrity": "sha512-rSIX8t3UdedU6mow4kEzSRl6E7wyCxEVvVb01/Bo0Ij2FP3ivndZ0JUe6aSFKOG7pkqNnH19JDuUeDGkJamxTQ=="
    }
  }
}
